
Microsoft Visual Studio Solution File, Format Version 12.00
# Visual Studio Version 17
VisualStudioVersion = 17.9.34723.18
MinimumVisualStudioVersion = 10.0.40219.1
Project("{9A19103F-16F7-4668-BE54-9A1E7A4F7556}") = "Base.Domain", "Base.Domain.csproj", "{F4C27E9A-F219-4B80-994D-E98B466C3B71}"
EndProject
Project("{9A19103F-16F7-4668-BE54-9A1E7A4F7556}") = "Base.Data", "..\Base.Data\Base.Data.csproj", "{7788EF49-774A-4267-94F6-99115979EB9A}"
EndProject
Project("{9A19103F-16F7-4668-BE54-9A1E7A4F7556}") = "Base.WebApi", "..\Base.WebApi\Base.WebApi.csproj", "{65591C65-F62E-4F45-B8CA-3405137C91D7}"
EndProject
Project("{9A19103F-16F7-4668-BE54-9A1E7A4F7556}") = "Base.WebApp", "..\Base.WebApp\Base.WebApp.csproj", "{49481BB4-39A0-4728-AF09-6B0A595795B4}"
EndProject
Global
	GlobalSection(SolutionConfigurationPlatforms) = preSolution
		Debug|Any CPU = Debug|Any CPU
		Release|Any CPU = Release|Any CPU
	EndGlobalSection
	GlobalSection(ProjectConfigurationPlatforms) = postSolution
		{F4C27E9A-F219-4B80-994D-E98B466C3B71}.Debug|Any CPU.ActiveCfg = Debug|Any CPU
		{F4C27E9A-F219-4B80-994D-E98B466C3B71}.Debug|Any CPU.Build.0 = Debug|Any CPU
		{F4C27E9A-F219-4B80-994D-E98B466C3B71}.Release|Any CPU.ActiveCfg = Release|Any CPU
		{F4C27E9A-F219-4B80-994D-E98B466C3B71}.Release|Any CPU.Build.0 = Release|Any CPU
		{7788EF49-774A-4267-94F6-99115979EB9A}.Debug|Any CPU.ActiveCfg = Debug|Any CPU
		{7788EF49-774A-4267-94F6-99115979EB9A}.Debug|Any CPU.Build.0 = Debug|Any CPU
		{7788EF49-774A-4267-94F6-99115979EB9A}.Release|Any CPU.ActiveCfg = Release|Any CPU
		{7788EF49-774A-4267-94F6-99115979EB9A}.Release|Any CPU.Build.0 = Release|Any CPU
		{65591C65-F62E-4F45-B8CA-3405137C91D7}.Debug|Any CPU.ActiveCfg = Debug|Any CPU
		{65591C65-F62E-4F45-B8CA-3405137C91D7}.Debug|Any CPU.Build.0 = Debug|Any CPU
		{65591C65-F62E-4F45-B8CA-3405137C91D7}.Release|Any CPU.ActiveCfg = Release|Any CPU
		{65591C65-F62E-4F45-B8CA-3405137C91D7}.Release|Any CPU.Build.0 = Release|Any CPU
		{49481BB4-39A0-4728-AF09-6B0A595795B4}.Debug|Any CPU.ActiveCfg = Debug|Any CPU
		{49481BB4-39A0-4728-AF09-6B0A595795B4}.Debug|Any CPU.Build.0 = Debug|Any CPU
		{49481BB4-39A0-4728-AF09-6B0A595795B4}.Release|Any CPU.ActiveCfg = Release|Any CPU
		{49481BB4-39A0-4728-AF09-6B0A595795B4}.Release|Any CPU.Build.0 = Release|Any CPU
	EndGlobalSection
	GlobalSection(SolutionProperties) = preSolution
		HideSolutionNode = FALSE
	EndGlobalSection
	GlobalSection(ExtensibilityGlobals) = postSolution
		SolutionGuid = {54B84B72-BE33-4AED-B8C2-D956E502EB37}
	EndGlobalSection
EndGlobal
