
Microsoft Visual Studio Solution File, Format Version 12.00
# Visual Studio Version 17
VisualStudioVersion = 17.9.34723.18
MinimumVisualStudioVersion = 10.0.40219.1
Project("{9A19103F-16F7-4668-BE54-9A1E7A4F7556}") = "Base.WebApi", "Base.WebApi\Base.WebApi.csproj", "{D81BC911-C21B-484F-A811-E8934C756D24}"
EndProject
Project("{9A19103F-16F7-4668-BE54-9A1E7A4F7556}") = "Base.Data", "Base.Data\Base.Data.csproj", "{18431113-7432-4CE4-9C42-041C2ADD1D94}"
EndProject
Project("{9A19103F-16F7-4668-BE54-9A1E7A4F7556}") = "Base.Domain", "Base.Domain\Base.Domain.csproj", "{8A7E02CF-1232-4AA8-93FF-7497F4F81AF2}"
EndProject
Project("{9A19103F-16F7-4668-BE54-9A1E7A4F7556}") = "Base.WebApp", "Base.WebApp\Base.WebApp.csproj", "{6664F7D3-DD39-4BB1-9209-DA6912CFC466}"
EndProject
Project("{9A19103F-16F7-4668-BE54-9A1E7A4F7556}") = "Base.Service", "Base.Services\Base.Service.csproj", "{07D64E6E-F6AF-4C3B-B496-C6B1AB6A9399}"
EndProject
Global
	GlobalSection(SolutionConfigurationPlatforms) = preSolution
		Debug|Any CPU = Debug|Any CPU
		Release|Any CPU = Release|Any CPU
	EndGlobalSection
	GlobalSection(ProjectConfigurationPlatforms) = postSolution
		{D81BC911-C21B-484F-A811-E8934C756D24}.Debug|Any CPU.ActiveCfg = Debug|Any CPU
		{D81BC911-C21B-484F-A811-E8934C756D24}.Debug|Any CPU.Build.0 = Debug|Any CPU
		{D81BC911-C21B-484F-A811-E8934C756D24}.Release|Any CPU.ActiveCfg = Release|Any CPU
		{D81BC911-C21B-484F-A811-E8934C756D24}.Release|Any CPU.Build.0 = Release|Any CPU
		{18431113-7432-4CE4-9C42-041C2ADD1D94}.Debug|Any CPU.ActiveCfg = Debug|Any CPU
		{18431113-7432-4CE4-9C42-041C2ADD1D94}.Debug|Any CPU.Build.0 = Debug|Any CPU
		{18431113-7432-4CE4-9C42-041C2ADD1D94}.Release|Any CPU.ActiveCfg = Release|Any CPU
		{18431113-7432-4CE4-9C42-041C2ADD1D94}.Release|Any CPU.Build.0 = Release|Any CPU
		{8A7E02CF-1232-4AA8-93FF-7497F4F81AF2}.Debug|Any CPU.ActiveCfg = Debug|Any CPU
		{8A7E02CF-1232-4AA8-93FF-7497F4F81AF2}.Debug|Any CPU.Build.0 = Debug|Any CPU
		{8A7E02CF-1232-4AA8-93FF-7497F4F81AF2}.Release|Any CPU.ActiveCfg = Release|Any CPU
		{8A7E02CF-1232-4AA8-93FF-7497F4F81AF2}.Release|Any CPU.Build.0 = Release|Any CPU
		{6664F7D3-DD39-4BB1-9209-DA6912CFC466}.Debug|Any CPU.ActiveCfg = Debug|Any CPU
		{6664F7D3-DD39-4BB1-9209-DA6912CFC466}.Debug|Any CPU.Build.0 = Debug|Any CPU
		{6664F7D3-DD39-4BB1-9209-DA6912CFC466}.Release|Any CPU.ActiveCfg = Release|Any CPU
		{6664F7D3-DD39-4BB1-9209-DA6912CFC466}.Release|Any CPU.Build.0 = Release|Any CPU
		{07D64E6E-F6AF-4C3B-B496-C6B1AB6A9399}.Debug|Any CPU.ActiveCfg = Debug|Any CPU
		{07D64E6E-F6AF-4C3B-B496-C6B1AB6A9399}.Debug|Any CPU.Build.0 = Debug|Any CPU
		{07D64E6E-F6AF-4C3B-B496-C6B1AB6A9399}.Release|Any CPU.ActiveCfg = Release|Any CPU
		{07D64E6E-F6AF-4C3B-B496-C6B1AB6A9399}.Release|Any CPU.Build.0 = Release|Any CPU
	EndGlobalSection
	GlobalSection(SolutionProperties) = preSolution
		HideSolutionNode = FALSE
	EndGlobalSection
	GlobalSection(ExtensibilityGlobals) = postSolution
		SolutionGuid = {BA865095-3605-47D7-9021-CEC42D484EC1}
	EndGlobalSection
EndGlobal
